{
  "name": "Metrix",
  "lockfileVersion": 3,
  "requires": true,
  "packages": {
    "": {
      "dependencies": {
        "react-alatpay": "^1.2.6"
      }
    },
    "node_modules/react-alatpay": {
      "version": "1.2.6",
      "resolved": "https://registry.npmjs.org/react-alatpay/-/react-alatpay-1.2.6.tgz",
      "integrity": "sha512-t3HrFZ9jGLHBBSx0YdO9jOxCTKi4f6w1ket1Pb9Qyd0HvMtRZaovidKozcUDBtCEDGIiz7hx6KMZ9M/oomIaug==",
      "license": "ISC",
      "dependencies": {
        "react-alatpay": "file:"
      },
      "peerDependencies": {
        "react": "^18.0.0 || ^19.0.0"
      }
    },
    "node_modules/react-alatpay/node_modules/react-alatpay": {
      "resolved": "node_modules/react-alatpay",
      "link": true
    }
  }
}
